github.com/Masterminds/semver/v3 v3.2.1 h1:RN9w6+7QoMeJVGyfmbcgs28Br8cvmnucEXnY0rYXWg0=
github.com/Masterminds/semver/v3 v3.2.1/go.mod h1:qvl/7zhW3nngYb5+80sSMF+FG2BjYrf8m9wsX0PNOMQ=
github.com/cpuguy83/go-md2man/v2 v2.0.3/go.mod h1:tgQtvFlXSQOSOSIRvRPT7W67SCa46tRHOmNcaadrF8o=
github.com/google/go-containerregistry v0.19.1 h1:yMQ62Al6/V0Z7CqIrrS1iYoA5/oQCm88DeNujc7C1KY=
github.com/google/go-containerregistry v0.19.1/go.mod h1:YCMFNQeeXeLF+dnhhWkqDItx/JSkH01j1Kis4PsjzFI=
github.com/inconshreveable/mousetrap v1.1.0 h1:wN+x4NVGpMsO7ErUn/mUI3vEoE6Jt13X2s0bqwp9tc8=
github.com/inconshreveable/mousetrap v1.1.0/go.mod h1:vpF70FUmC8bwa3OWnCshd2FqLfsEA9PFc4w1p2J65bw=
github.com/russross/blackfriday/v2 v2.1.0/go.mod h1:+Rmxgy9KzJVeS9/2gXHxylqXiyQDYRxCVz55jmeOWTM=
github.com/spf13/cobra v1.8.0 h1:7aJaZx1B85qltLMc546zn58BxxfZdR/W22ej9CFoEf0=
github.com/spf13/cobra v1.8.0/go.mod h1:WXLWApfZ71AjXPya3WOlMsY9yMs7YeiHhFVlvLyhcho=
github.com/spf13/pflag v1.0.5 h1:iy+VFUOCP1a+8yFto/drg2CJ5u0yRoB7fZw3DKv/JXA=
github.com/spf13/pflag v1.0.5/go.mod h1:McXfInJRrz4CZXVZOBLb0bTZqETkiAhM9Iw0y3An2Bg=
github.com/tprasadtp/go-autotune v0.0.0-20240416215432-5a9494a44b9f h1:+VPTONK/5T4qTE82totZgwFQGHtvZ08d5dszad2XW7s=
github.com/tprasadtp/go-autotune v0.0.0-20240416215432-5a9494a44b9f/go.mod h1:uUQG+chdg9thdxWZ9Mi8b/GkO021tVrrZaBy6f5oHas=
github.com/tprasadtp/go-autotune v0.0.0-20240421190914-3529eb999a63 h1:+D6G66GiBhXO4S9bW1yo86ODomALnKM7FadlErKUWV4=
github.com/tprasadtp/go-autotune v0.0.0-20240421190914-3529eb999a63/go.mod h1:uUQG+chdg9thdxWZ9Mi8b/GkO021tVrrZaBy6f5oHas=
github.com/tprasadtp/go-autotune v0.0.0-20240424191021-80f5e2b2fe37 h1:OWDuQ5FvaSz2laBbSM1wGcXtHtBKBJKjfEdfMTFb/kA=
github.com/tprasadtp/go-autotune v0.0.0-20240424191021-80f5e2b2fe37/go.mod h1:uUQG+chdg9thdxWZ9Mi8b/GkO021tVrrZaBy6f5oHas=
github.com/tprasadtp/go-githubapp v0.0.0-20240404010909-e43486a51450 h1:2kD5L1KeOBRe4ADut6LOqrZ8x0duvlfim+tT+G8bYzc=
github.com/tprasadtp/go-githubapp v0.0.0-20240404010909-e43486a51450/go.mod h1:ZM4815XnSi5fjoTQCU+0o8GBDnAUkc7pyA8IVeu9+Nc=
golang.org/x/crypto/x509roots/fallback v0.0.0-20240416174822-0da2a6a1bbc8 h1:WsZ1vq1wEPrhLWtbblOEshIKDAbG0sYGgbYCFInT0QM=
golang.org/x/crypto/x509roots/fallback v0.0.0-20240416174822-0da2a6a1bbc8/go.mod h1:kNa9WdvYnzFwC79zRpLRMJbdEFlhyM5RPFBBZp/wWH8=
golang.org/x/sys v0.19.0 h1:q5f1RH2jigJ1MoAWp2KTp3gm5zAGFUTarQZ5U386+4o=
golang.org/x/sys v0.19.0/go.mod h1:/VUhepiaJMQUp4+oa/7Zr1D23ma6VTLIYjOOTFZPUcA=
gopkg.in/check.v1 v0.0.0-20161208181325-20d25e280405/go.mod h1:Co6ibVJAznAaIkqp8huTwlJQCZ016jof/cbN4VW5Yz0=
gopkg.in/yaml.v3 v3.0.1/go.mod h1:K4uyk7z7BCEPqu6E+C64Yfv1cQ7kz7rIZviUmN+EgEM=
